
Microsoft Visual Studio Solution File, Format Version 12.00
# Visual Studio Version 17
VisualStudioVersion = 17.11.35303.130
MinimumVisualStudioVersion = 10.0.40219.1
Project("{FAE04EC0-301F-11D3-BF4B-00C04F79EFBC}") = "BookingSystem", "BookingSystem\BookingSystem.csproj", "{FC94202B-2808-4A9F-B6A9-90520CB94F33}"
EndProject
Global
	GlobalSection(SolutionConfigurationPlatforms) = preSolution
		Debug|Any CPU = Debug|Any CPU
		Release|Any CPU = Release|Any CPU
	EndGlobalSection
	GlobalSection(ProjectConfigurationPlatforms) = postSolution
		{FC94202B-2808-4A9F-B6A9-90520CB94F33}.Debug|Any CPU.ActiveCfg = Debug|Any CPU
		{FC94202B-2808-4A9F-B6A9-90520CB94F33}.Debug|Any CPU.Build.0 = Debug|Any CPU
		{FC94202B-2808-4A9F-B6A9-90520CB94F33}.Release|Any CPU.ActiveCfg = Release|Any CPU
		{FC94202B-2808-4A9F-B6A9-90520CB94F33}.Release|Any CPU.Build.0 = Release|Any CPU
	EndGlobalSection
	GlobalSection(SolutionProperties) = preSolution
		HideSolutionNode = FALSE
	EndGlobalSection
	GlobalSection(ExtensibilityGlobals) = postSolution
		SolutionGuid = {29ED6327-1E7F-419C-99A2-68B6EF15C231}
	EndGlobalSection
EndGlobal
